
Microsoft Visual Studio Solution File, Format Version 12.00
# Visual Studio Version 16
VisualStudioVersion = 16.0.31402.337
MinimumVisualStudioVersion = 10.0.40219.1
Project("{FAE04EC0-301F-11D3-BF4B-00C04F79EFBC}") = "Server.IdentityProvider", "Server.IdentityProvider\Server.IdentityProvider.csproj", "{8E36FBF7-6A03-40D2-8F88-A6AF7E567910}"
EndProject
Project("{FAE04EC0-301F-11D3-BF4B-00C04F79EFBC}") = "Server.API", "Server.API\Server.API.csproj", "{6AA55A3F-226A-4C39-9353-804FC655D27A}"
EndProject
Global
	GlobalSection(SolutionConfigurationPlatforms) = preSolution
		Debug|Any CPU = Debug|Any CPU
		Release|Any CPU = Release|Any CPU
	EndGlobalSection
	GlobalSection(ProjectConfigurationPlatforms) = postSolution
		{8E36FBF7-6A03-40D2-8F88-A6AF7E567910}.Debug|Any CPU.ActiveCfg = Debug|Any CPU
		{8E36FBF7-6A03-40D2-8F88-A6AF7E567910}.Debug|Any CPU.Build.0 = Debug|Any CPU
		{8E36FBF7-6A03-40D2-8F88-A6AF7E567910}.Release|Any CPU.ActiveCfg = Release|Any CPU
		{8E36FBF7-6A03-40D2-8F88-A6AF7E567910}.Release|Any CPU.Build.0 = Release|Any CPU
		{6AA55A3F-226A-4C39-9353-804FC655D27A}.Debug|Any CPU.ActiveCfg = Debug|Any CPU
		{6AA55A3F-226A-4C39-9353-804FC655D27A}.Debug|Any CPU.Build.0 = Debug|Any CPU
		{6AA55A3F-226A-4C39-9353-804FC655D27A}.Release|Any CPU.ActiveCfg = Release|Any CPU
		{6AA55A3F-226A-4C39-9353-804FC655D27A}.Release|Any CPU.Build.0 = Release|Any CPU
	EndGlobalSection
	GlobalSection(SolutionProperties) = preSolution
		HideSolutionNode = FALSE
	EndGlobalSection
	GlobalSection(ExtensibilityGlobals) = postSolution
		SolutionGuid = {6BAE959D-1373-456C-B7FF-66CB169A3DA2}
	EndGlobalSection
EndGlobal
